
Microsoft Visual Studio Solution File, Format Version 12.00
# Visual Studio Version 17
VisualStudioVersion = 17.8.34309.116
MinimumVisualStudioVersion = 10.0.40219.1
Project("{8BC9CEB8-8B4A-11D0-8D11-00A0C91BC942}") = "operatorOverLoading", "operatorOverLoading\operatorOverLoading.vcxproj", "{46EF8399-1BED-472F-8B8B-F77B05952317}"
EndProject
Global
	GlobalSection(SolutionConfigurationPlatforms) = preSolution
		Debug|x64 = Debug|x64
		Debug|x86 = Debug|x86
		Release|x64 = Release|x64
		Release|x86 = Release|x86
	EndGlobalSection
	GlobalSection(ProjectConfigurationPlatforms) = postSolution
		{46EF8399-1BED-472F-8B8B-F77B05952317}.Debug|x64.ActiveCfg = Debug|x64
		{46EF8399-1BED-472F-8B8B-F77B05952317}.Debug|x64.Build.0 = Debug|x64
		{46EF8399-1BED-472F-8B8B-F77B05952317}.Debug|x86.ActiveCfg = Debug|Win32
		{46EF8399-1BED-472F-8B8B-F77B05952317}.Debug|x86.Build.0 = Debug|Win32
		{46EF8399-1BED-472F-8B8B-F77B05952317}.Release|x64.ActiveCfg = Release|x64
		{46EF8399-1BED-472F-8B8B-F77B05952317}.Release|x64.Build.0 = Release|x64
		{46EF8399-1BED-472F-8B8B-F77B05952317}.Release|x86.ActiveCfg = Release|Win32
		{46EF8399-1BED-472F-8B8B-F77B05952317}.Release|x86.Build.0 = Release|Win32
	EndGlobalSection
	GlobalSection(SolutionProperties) = preSolution
		HideSolutionNode = FALSE
	EndGlobalSection
	GlobalSection(ExtensibilityGlobals) = postSolution
		SolutionGuid = {BEDD6CC5-B4F0-4E8D-8241-3691E61DA9EE}
	EndGlobalSection
EndGlobal
